
Microsoft Visual Studio Solution File, Format Version 12.00
# Visual Studio Version 17
VisualStudioVersion = 17.12.35707.178
MinimumVisualStudioVersion = 10.0.40219.1
Project("{FAE04EC0-301F-11D3-BF4B-00C04F79EFBC}") = "habilitations2024", "habilitations2024\habilitations2024.csproj", "{5CAFAA90-99CB-4263-B17D-DCE5DFE1347A}"
EndProject
Project("{54435603-DBB4-11D2-8724-00A0C9A8B90C}") = "Habilitations2024Installeur", "Habilitations2024Installeur\Habilitations2024Installeur.vdproj", "{A4DED45B-B8DA-45E6-84FA-AEB480AA0BD2}"
EndProject
Global
	GlobalSection(SolutionConfigurationPlatforms) = preSolution
		Debug|Any CPU = Debug|Any CPU
		Release|Any CPU = Release|Any CPU
	EndGlobalSection
	GlobalSection(ProjectConfigurationPlatforms) = postSolution
		{5CAFAA90-99CB-4263-B17D-DCE5DFE1347A}.Debug|Any CPU.ActiveCfg = Debug|Any CPU
		{5CAFAA90-99CB-4263-B17D-DCE5DFE1347A}.Debug|Any CPU.Build.0 = Debug|Any CPU
		{5CAFAA90-99CB-4263-B17D-DCE5DFE1347A}.Release|Any CPU.ActiveCfg = Release|Any CPU
		{5CAFAA90-99CB-4263-B17D-DCE5DFE1347A}.Release|Any CPU.Build.0 = Release|Any CPU
		{A4DED45B-B8DA-45E6-84FA-AEB480AA0BD2}.Debug|Any CPU.ActiveCfg = Debug
		{A4DED45B-B8DA-45E6-84FA-AEB480AA0BD2}.Debug|Any CPU.Build.0 = Debug
		{A4DED45B-B8DA-45E6-84FA-AEB480AA0BD2}.Release|Any CPU.ActiveCfg = Release
		{A4DED45B-B8DA-45E6-84FA-AEB480AA0BD2}.Release|Any CPU.Build.0 = Release
	EndGlobalSection
	GlobalSection(SolutionProperties) = preSolution
		HideSolutionNode = FALSE
	EndGlobalSection
EndGlobal
